{"1.2.0",
[{<<"quantile_estimator">>,{pkg,<<"quantile_estimator">>,<<"1.0.1">>},0}]}.
[
{pkg_hash,[
 {<<"quantile_estimator">>, <<"6CED14FBACCF5BC4C9F79EB28468A1D2BABD4B53EC978AD458CBD17B556C6C22">>}]},
{pkg_hash_ext,[
 {<<"quantile_estimator">>, <<"401C4ADACE179F1A709CD269207324535B00888C87F980B0F794F79DEB3767D8">>}]}
].
